{
  "version": 4,
  "terraform_version": "1.3.5",
  "serial": 4,
  "lineage": "3187df6b-269c-47f0-a9dc-c8e9c6b5155c",
  "outputs": {},
  "resources": [
    {
      "mode": "managed",
      "type": "azurerm_linux_web_app",
      "name": "app",
      "provider": "provider[\"registry.terraform.io/hashicorp/azurerm\"]",
      "instances": [
        {
          "schema_version": 0,
          "attributes": {
            "app_settings": null,
            "auth_settings": [
              {
                "active_directory": [],
                "additional_login_parameters": {},
                "allowed_external_redirect_urls": [],
                "default_provider": "",
                "enabled": false,
                "facebook": [],
                "github": [],
                "google": [],
                "issuer": "",
                "microsoft": [],
                "runtime_version": "",
                "token_refresh_extension_hours": 0,
                "token_store_enabled": false,
                "twitter": [],
                "unauthenticated_client_action": ""
              }
            ],
            "backup": [],
            "client_affinity_enabled": false,
            "client_certificate_enabled": false,
            "client_certificate_exclusion_paths": "",
            "client_certificate_mode": "Required",
            "connection_string": [],
            "custom_domain_verification_id": "707DAB18251ED4A27039CFC2BECFF095D242AAB90F5E22F7C2A52F3662795481",
            "default_hostname": "app-dhbw-devops.azurewebsites.net",
            "enabled": true,
            "https_only": false,
            "id": "/subscriptions/038ee35f-219b-48f5-a6ec-d0ae3eeb5357/resourceGroups/rg-dhbw-devops/providers/Microsoft.Web/sites/app-dhbw-devops",
            "identity": [],
            "key_vault_reference_identity_id": "SystemAssigned",
            "kind": "app,linux,container",
            "location": "eastus2",
            "logs": [],
            "name": "app-dhbw-devops",
            "outbound_ip_address_list": [
              "20.96.69.174",
              "20.96.70.69",
              "20.96.70.95",
              "20.96.70.34",
              "20.96.70.156",
              "20.96.70.167",
              "20.119.144.9"
            ],
            "outbound_ip_addresses": "20.96.69.174,20.96.70.69,20.96.70.95,20.96.70.34,20.96.70.156,20.96.70.167,20.119.144.9",
            "possible_outbound_ip_address_list": [
              "20.96.69.174",
              "20.96.70.69",
              "20.96.70.95",
              "20.96.70.34",
              "20.96.70.156",
              "20.96.70.167",
              "20.96.70.181",
              "20.96.70.183",
              "20.96.70.230",
              "20.96.70.234",
              "20.96.70.239",
              "20.96.70.244",
              "20.96.71.22",
              "20.96.71.33",
              "20.96.71.34",
              "20.96.71.38",
              "20.96.71.71",
              "20.96.67.173",
              "20.96.71.97",
              "20.96.71.102",
              "20.96.70.175",
              "20.96.71.134",
              "20.96.71.222",
              "20.96.71.244",
              "20.119.144.9"
            ],
            "possible_outbound_ip_addresses": "20.96.69.174,20.96.70.69,20.96.70.95,20.96.70.34,20.96.70.156,20.96.70.167,20.96.70.181,20.96.70.183,20.96.70.230,20.96.70.234,20.96.70.239,20.96.70.244,20.96.71.22,20.96.71.33,20.96.71.34,20.96.71.38,20.96.71.71,20.96.67.173,20.96.71.97,20.96.71.102,20.96.70.175,20.96.71.134,20.96.71.222,20.96.71.244,20.119.144.9",
            "resource_group_name": "rg-dhbw-devops",
            "service_plan_id": "/subscriptions/038ee35f-219b-48f5-a6ec-d0ae3eeb5357/resourceGroups/rg-dhbw-devops/providers/Microsoft.Web/serverfarms/plan-dhbw",
            "site_config": [
              {
                "always_on": false,
                "api_definition_url": "",
                "api_management_api_id": "",
                "app_command_line": "",
                "application_stack": [
                  {
                    "docker_image": "carrawao/devops-devops",
                    "docker_image_tag": "latest",
                    "dotnet_version": "",
                    "java_server": "",
                    "java_server_version": "",
                    "java_version": "",
                    "node_version": "",
                    "php_version": "",
                    "python_version": "",
                    "ruby_version": ""
                  }
                ],
                "auto_heal_enabled": false,
                "auto_heal_setting": [],
                "container_registry_managed_identity_client_id": "",
                "container_registry_use_managed_identity": false,
                "cors": [],
                "default_documents": [
                  "Default.htm",
                  "Default.html",
                  "Default.asp",
                  "index.htm",
                  "index.html",
                  "iisstart.htm",
                  "default.aspx",
                  "index.php",
                  "hostingstart.html"
                ],
                "detailed_error_logging_enabled": false,
                "ftps_state": "Disabled",
                "health_check_eviction_time_in_min": 0,
                "health_check_path": "",
                "http2_enabled": false,
                "ip_restriction": [],
                "linux_fx_version": "DOCKER|carrawao/devops-devops:latest",
                "load_balancing_mode": "LeastRequests",
                "local_mysql_enabled": false,
                "managed_pipeline_mode": "Integrated",
                "minimum_tls_version": "1.2",
                "remote_debugging_enabled": false,
                "remote_debugging_version": "VS2019",
                "scm_ip_restriction": [],
                "scm_minimum_tls_version": "1.2",
                "scm_type": "None",
                "scm_use_main_ip_restriction": false,
                "use_32_bit_worker": true,
                "vnet_route_all_enabled": false,
                "websockets_enabled": false,
                "worker_count": 1
              }
            ],
            "site_credential": [
              {
                "name": "$app-dhbw-devops",
                "password": "7x8SN11qdnasnTK9aDBr7kjxxdu2RB3jrxBqBPsrh7kvlbvDkgfmhvhPNyHl"
              }
            ],
            "sticky_settings": [],
            "storage_account": [],
            "tags": null,
            "timeouts": null,
            "virtual_network_subnet_id": "",
            "zip_deploy_file": ""
          },
          "sensitive_attributes": [],
          "private": "eyJlMmJmYjczMC1lY2FhLTExZTYtOGY4OC0zNDM2M2JjN2M0YzAiOnsiY3JlYXRlIjoxODAwMDAwMDAwMDAwLCJkZWxldGUiOjE4MDAwMDAwMDAwMDAsInJlYWQiOjMwMDAwMDAwMDAwMCwidXBkYXRlIjoxODAwMDAwMDAwMDAwfX0=",
          "dependencies": [
            "azurerm_resource_group.rg-dhbw-devops",
            "azurerm_service_plan.app-service-plan"
          ]
        }
      ]
    },
    {
      "mode": "managed",
      "type": "azurerm_resource_group",
      "name": "rg-dhbw-devops",
      "provider": "provider[\"registry.terraform.io/hashicorp/azurerm\"]",
      "instances": [
        {
          "schema_version": 0,
          "attributes": {
            "id": "/subscriptions/038ee35f-219b-48f5-a6ec-d0ae3eeb5357/resourceGroups/rg-dhbw-devops",
            "location": "eastus2",
            "name": "rg-dhbw-devops",
            "tags": null,
            "timeouts": null
          },
          "sensitive_attributes": [],
          "private": "eyJlMmJmYjczMC1lY2FhLTExZTYtOGY4OC0zNDM2M2JjN2M0YzAiOnsiY3JlYXRlIjo1NDAwMDAwMDAwMDAwLCJkZWxldGUiOjU0MDAwMDAwMDAwMDAsInJlYWQiOjMwMDAwMDAwMDAwMCwidXBkYXRlIjo1NDAwMDAwMDAwMDAwfX0="
        }
      ]
    },
    {
      "mode": "managed",
      "type": "azurerm_service_plan",
      "name": "app-service-plan",
      "provider": "provider[\"registry.terraform.io/hashicorp/azurerm\"]",
      "instances": [
        {
          "schema_version": 0,
          "attributes": {
            "app_service_environment_id": "",
            "id": "/subscriptions/038ee35f-219b-48f5-a6ec-d0ae3eeb5357/resourceGroups/rg-dhbw-devops/providers/Microsoft.Web/serverfarms/plan-dhbw",
            "kind": "linux",
            "location": "eastus2",
            "maximum_elastic_worker_count": 1,
            "name": "plan-dhbw",
            "os_type": "Linux",
            "per_site_scaling_enabled": false,
            "reserved": true,
            "resource_group_name": "rg-dhbw-devops",
            "sku_name": "F1",
            "tags": null,
            "timeouts": null,
            "worker_count": 1,
            "zone_balancing_enabled": false
          },
          "sensitive_attributes": [],
          "private": "eyJlMmJmYjczMC1lY2FhLTExZTYtOGY4OC0zNDM2M2JjN2M0YzAiOnsiY3JlYXRlIjozNjAwMDAwMDAwMDAwLCJkZWxldGUiOjM2MDAwMDAwMDAwMDAsInJlYWQiOjMwMDAwMDAwMDAwMCwidXBkYXRlIjozNjAwMDAwMDAwMDAwfX0=",
          "dependencies": [
            "azurerm_resource_group.rg-dhbw-devops"
          ]
        }
      ]
    }
  ],
  "check_results": null
}
